
Microsoft Visual Studio Solution File, Format Version 12.00
# Visual Studio 14
VisualStudioVersion = 14.0.25420.1
MinimumVisualStudioVersion = 10.0.40219.1
Project("{FAE04EC0-301F-11D3-BF4B-00C04F79EFBC}") = "MudClient", "MudClient\MudClient.csproj", "{593D1349-871A-4FDE-A4A3-800466E0DF98}"
EndProject
Project("{FAE04EC0-301F-11D3-BF4B-00C04F79EFBC}") = "MudClient.Core", "CommandClient\MudClient.Core.csproj", "{B9171891-F445-4AC6-AD21-31CB167C7A7E}"
EndProject
Project("{FAE04EC0-301F-11D3-BF4B-00C04F79EFBC}") = "MudClient.CommandParser", "MudClient.CommandParser\MudClient.CommandParser.csproj", "{AAE8A2DB-05B6-442C-B890-C4C72E8CAF6F}"
EndProject
Project("{FAE04EC0-301F-11D3-BF4B-00C04F79EFBC}") = "MudClient.Common", "MudClient.Common\MudClient.Common.csproj", "{55B48FC6-7756-4AB1-A891-74A8FA0AFDFC}"
EndProject
Global
	GlobalSection(SolutionConfigurationPlatforms) = preSolution
		Debug|Any CPU = Debug|Any CPU
		Release|Any CPU = Release|Any CPU
	EndGlobalSection
	GlobalSection(ProjectConfigurationPlatforms) = postSolution
		{593D1349-871A-4FDE-A4A3-800466E0DF98}.Debug|Any CPU.ActiveCfg = Debug|Any CPU
		{593D1349-871A-4FDE-A4A3-800466E0DF98}.Debug|Any CPU.Build.0 = Debug|Any CPU
		{593D1349-871A-4FDE-A4A3-800466E0DF98}.Release|Any CPU.ActiveCfg = Release|Any CPU
		{593D1349-871A-4FDE-A4A3-800466E0DF98}.Release|Any CPU.Build.0 = Release|Any CPU
		{B9171891-F445-4AC6-AD21-31CB167C7A7E}.Debug|Any CPU.ActiveCfg = Debug|Any CPU
		{B9171891-F445-4AC6-AD21-31CB167C7A7E}.Debug|Any CPU.Build.0 = Debug|Any CPU
		{B9171891-F445-4AC6-AD21-31CB167C7A7E}.Release|Any CPU.ActiveCfg = Release|Any CPU
		{B9171891-F445-4AC6-AD21-31CB167C7A7E}.Release|Any CPU.Build.0 = Release|Any CPU
		{AAE8A2DB-05B6-442C-B890-C4C72E8CAF6F}.Debug|Any CPU.ActiveCfg = Debug|Any CPU
		{AAE8A2DB-05B6-442C-B890-C4C72E8CAF6F}.Debug|Any CPU.Build.0 = Debug|Any CPU
		{AAE8A2DB-05B6-442C-B890-C4C72E8CAF6F}.Release|Any CPU.ActiveCfg = Release|Any CPU
		{AAE8A2DB-05B6-442C-B890-C4C72E8CAF6F}.Release|Any CPU.Build.0 = Release|Any CPU
		{55B48FC6-7756-4AB1-A891-74A8FA0AFDFC}.Debug|Any CPU.ActiveCfg = Debug|Any CPU
		{55B48FC6-7756-4AB1-A891-74A8FA0AFDFC}.Debug|Any CPU.Build.0 = Debug|Any CPU
		{55B48FC6-7756-4AB1-A891-74A8FA0AFDFC}.Release|Any CPU.ActiveCfg = Release|Any CPU
		{55B48FC6-7756-4AB1-A891-74A8FA0AFDFC}.Release|Any CPU.Build.0 = Release|Any CPU
	EndGlobalSection
	GlobalSection(SolutionProperties) = preSolution
		HideSolutionNode = FALSE
	EndGlobalSection
EndGlobal
